
Microsoft Visual Studio Solution File, Format Version 12.00
# Visual Studio Version 16
VisualStudioVersion = 16.0.30717.126
MinimumVisualStudioVersion = 10.0.40219.1
Project("{2150E333-8FDC-42A3-9474-1A3956D46DE8}") = "src", "src", "{406DD5D6-FEEE-4DEB-A907-F175C19C555F}"
EndProject
Project("{FAE04EC0-301F-11D3-BF4B-00C04F79EFBC}") = "ScentsyRecipesApp.Server", "src\ScentsyRecipesApp.Server\ScentsyRecipesApp.Server.csproj", "{1A018F5B-B378-41A3-A2AA-A14AED39B870}"
EndProject
Global
	GlobalSection(SolutionConfigurationPlatforms) = preSolution
		Debug|Any CPU = Debug|Any CPU
		Release|Any CPU = Release|Any CPU
	EndGlobalSection
	GlobalSection(ProjectConfigurationPlatforms) = postSolution
		{1A018F5B-B378-41A3-A2AA-A14AED39B870}.Debug|Any CPU.ActiveCfg = Debug|Any CPU
		{1A018F5B-B378-41A3-A2AA-A14AED39B870}.Debug|Any CPU.Build.0 = Debug|Any CPU
		{1A018F5B-B378-41A3-A2AA-A14AED39B870}.Release|Any CPU.ActiveCfg = Release|Any CPU
		{1A018F5B-B378-41A3-A2AA-A14AED39B870}.Release|Any CPU.Build.0 = Release|Any CPU
	EndGlobalSection
	GlobalSection(SolutionProperties) = preSolution
		HideSolutionNode = FALSE
	EndGlobalSection
	GlobalSection(NestedProjects) = preSolution
		{1A018F5B-B378-41A3-A2AA-A14AED39B870} = {406DD5D6-FEEE-4DEB-A907-F175C19C555F}
	EndGlobalSection
	GlobalSection(ExtensibilityGlobals) = postSolution
		SolutionGuid = {A0C5C809-ED5E-44D5-865B-3852151634C0}
	EndGlobalSection
EndGlobal
