
Microsoft Visual Studio Solution File, Format Version 12.00
# Visual Studio Version 16
VisualStudioVersion = 16.0.30717.126
MinimumVisualStudioVersion = 10.0.40219.1
Project("{2150E333-8FDC-42A3-9474-1A3956D46DE8}") = "src", "src", "{406DD5D6-FEEE-4DEB-A907-F175C19C555F}"
EndProject
Project("{2150E333-8FDC-42A3-9474-1A3956D46DE8}") = "Solution Items", "Solution Items", "{90D6528B-F2E5-4CC0-8BE6-B7B9612B1A21}"
	ProjectSection(SolutionItems) = preProject
		README.md = README.md
	EndProjectSection
EndProject
Project("{FAE04EC0-301F-11D3-BF4B-00C04F79EFBC}") = "ScentsyRecipesApp.Server", "src\ScentsyRecipesApp.Server\ScentsyRecipesApp.Server.csproj", "{D6A13476-4D16-48AB-8860-F3B10F295FB1}"
EndProject
Global
	GlobalSection(SolutionConfigurationPlatforms) = preSolution
		Debug|Any CPU = Debug|Any CPU
		Release|Any CPU = Release|Any CPU
	EndGlobalSection
	GlobalSection(ProjectConfigurationPlatforms) = postSolution
		{D6A13476-4D16-48AB-8860-F3B10F295FB1}.Debug|Any CPU.ActiveCfg = Debug|Any CPU
		{D6A13476-4D16-48AB-8860-F3B10F295FB1}.Debug|Any CPU.Build.0 = Debug|Any CPU
		{D6A13476-4D16-48AB-8860-F3B10F295FB1}.Release|Any CPU.ActiveCfg = Release|Any CPU
		{D6A13476-4D16-48AB-8860-F3B10F295FB1}.Release|Any CPU.Build.0 = Release|Any CPU
	EndGlobalSection
	GlobalSection(SolutionProperties) = preSolution
		HideSolutionNode = FALSE
	EndGlobalSection
	GlobalSection(NestedProjects) = preSolution
		{D6A13476-4D16-48AB-8860-F3B10F295FB1} = {406DD5D6-FEEE-4DEB-A907-F175C19C555F}
	EndGlobalSection
	GlobalSection(ExtensibilityGlobals) = postSolution
		SolutionGuid = {A0C5C809-ED5E-44D5-865B-3852151634C0}
	EndGlobalSection
EndGlobal
